
Microsoft Visual Studio Solution File, Format Version 12.00
# Visual Studio Version 17
VisualStudioVersion = 17.12.35707.178 d17.12
MinimumVisualStudioVersion = 10.0.40219.1
Project("{FAE04EC0-301F-11D3-BF4B-00C04F79EFBC}") = "ScaffoldColumn", "ScaffoldColumn\ScaffoldColumn.csproj", "{D12BA1B3-A672-4717-9EAB-67E975E2988D}"
EndProject
Global
	GlobalSection(SolutionConfigurationPlatforms) = preSolution
		Debug|Any CPU = Debug|Any CPU
		Release|Any CPU = Release|Any CPU
	EndGlobalSection
	GlobalSection(ProjectConfigurationPlatforms) = postSolution
		{D12BA1B3-A672-4717-9EAB-67E975E2988D}.Debug|Any CPU.ActiveCfg = Debug|Any CPU
		{D12BA1B3-A672-4717-9EAB-67E975E2988D}.Debug|Any CPU.Build.0 = Debug|Any CPU
		{D12BA1B3-A672-4717-9EAB-67E975E2988D}.Release|Any CPU.ActiveCfg = Release|Any CPU
		{D12BA1B3-A672-4717-9EAB-67E975E2988D}.Release|Any CPU.Build.0 = Release|Any CPU
	EndGlobalSection
	GlobalSection(SolutionProperties) = preSolution
		HideSolutionNode = FALSE
	EndGlobalSection
EndGlobal
